PODS:
  - AppAuth (1.7.6):
    - AppAuth/Core (= 1.7.6)
    - AppAuth/ExternalUserAgent (= 1.7.6)
  - AppAuth/Core (1.7.6)
  - AppAuth/ExternalUserAgent (1.7.6):
    - AppAuth/Core
  - audio_session (0.0.1):
    - Flutter
  - connectivity_plus (0.0.1):
    - Flutter
    - FlutterMacOS
  - esewa_flutter_sdk (0.0.1):
    - Flutter
  - FBAEMKit (16.3.1):
    - FBSDKCoreKit_Basics (= 16.3.1)
  - FBSDKCoreKit (16.3.1):
    - FBAEMKit (= 16.3.1)
    - FBSDKCoreKit_Basics (= 16.3.1)
  - FBSDKCoreKit_Basics (16.3.1)
  - FBSDKLoginKit (16.3.1):
    - FBSDKCoreKit (= 16.3.1)
  - Flutter (1.0.0)
  - flutter_facebook_auth (6.0.4):
    - FBSDKLoginKit (~> 16.3.1)
    - Flutter
  - flutter_secure_storage (3.3.1):
    - Flutter
  - fluttertoast (0.0.2):
    - Flutter
    - Toast
  - google_sign_in_ios (0.0.1):
    - AppAuth (>= 1.7.4)
    - Flutter
    - FlutterMacOS
    - GoogleSignIn (~> 7.1)
    - GTMSessionFetcher (>= 3.4.0)
  - GoogleSignIn (7.1.0):
    - AppAuth (< 2.0, >= 1.7.3)
    - GTMAppAuth (< 5.0, >= 4.1.1)
    - GTMSessionFetcher/Core (~> 3.3)
  - GTMAppAuth (4.1.1):
    - AppAuth/Core (~> 1.7)
    - GTMSessionFetcher/Core (< 4.0, >= 3.3)
  - GTMSessionFetcher (3.5.0):
    - GTMSessionFetcher/Full (= 3.5.0)
  - GTMSessionFetcher/Core (3.5.0)
  - GTMSessionFetcher/Full (3.5.0):
    - GTMSessionFetcher/Core
  - just_audio (0.0.1):
    - Flutter
  - ObjectBox (4.0.1)
  - objectbox_flutter_libs (0.0.1):
    - Flutter
    - ObjectBox (= 4.0.1)
  - package_info_plus (0.4.5):
    - Flutter
  - path_provider_foundation (0.0.1):
    - Flutter
    - FlutterMacOS
  - share_plus (0.0.1):
    - Flutter
  - shared_preferences_foundation (0.0.1):
    - Flutter
    - FlutterMacOS
  - sqflite_darwin (0.0.4):
    - Flutter
    - FlutterMacOS
  - Toast (4.1.1)
  - url_launcher_ios (0.0.1):
    - Flutter
  - video_player_avfoundation (0.0.1):
    - Flutter
    - FlutterMacOS
  - wakelock_plus (0.0.1):
    - Flutter
  - webview_flutter_wkwebview (0.0.1):
    - Flutter
    - FlutterMacOS

DEPENDENCIES:
  - audio_session (from `.symlinks/plugins/audio_session/ios`)
  - connectivity_plus (from `.symlinks/plugins/connectivity_plus/darwin`)
  - esewa_flutter_sdk (from `.symlinks/plugins/esewa_flutter_sdk/ios`)
  - Flutter (from `Flutter`)
  - flutter_facebook_auth (from `.symlinks/plugins/flutter_facebook_auth/ios`)
  - flutter_secure_storage (from `.symlinks/plugins/flutter_secure_storage/ios`)
  - fluttertoast (from `.symlinks/plugins/fluttertoast/ios`)
  - google_sign_in_ios (from `.symlinks/plugins/google_sign_in_ios/darwin`)
  - just_audio (from `.symlinks/plugins/just_audio/ios`)
  - objectbox_flutter_libs (from `.symlinks/plugins/objectbox_flutter_libs/ios`)
  - package_info_plus (from `.symlinks/plugins/package_info_plus/ios`)
  - path_provider_foundation (from `.symlinks/plugins/path_provider_foundation/darwin`)
  - share_plus (from `.symlinks/plugins/share_plus/ios`)
  - shared_preferences_foundation (from `.symlinks/plugins/shared_preferences_foundation/darwin`)
  - sqflite_darwin (from `.symlinks/plugins/sqflite_darwin/darwin`)
  - url_launcher_ios (from `.symlinks/plugins/url_launcher_ios/ios`)
  - video_player_avfoundation (from `.symlinks/plugins/video_player_avfoundation/darwin`)
  - wakelock_plus (from `.symlinks/plugins/wakelock_plus/ios`)
  - webview_flutter_wkwebview (from `.symlinks/plugins/webview_flutter_wkwebview/darwin`)

SPEC REPOS:
  trunk:
    - AppAuth
    - FBAEMKit
    - FBSDKCoreKit
    - FBSDKCoreKit_Basics
    - FBSDKLoginKit
    - GoogleSignIn
    - GTMAppAuth
    - GTMSessionFetcher
    - ObjectBox
    - Toast

EXTERNAL SOURCES:
  audio_session:
    :path: ".symlinks/plugins/audio_session/ios"
  connectivity_plus:
    :path: ".symlinks/plugins/connectivity_plus/darwin"
  esewa_flutter_sdk:
    :path: ".symlinks/plugins/esewa_flutter_sdk/ios"
  Flutter:
    :path: Flutter
  flutter_facebook_auth:
    :path: ".symlinks/plugins/flutter_facebook_auth/ios"
  flutter_secure_storage:
    :path: ".symlinks/plugins/flutter_secure_storage/ios"
  fluttertoast:
    :path: ".symlinks/plugins/fluttertoast/ios"
  google_sign_in_ios:
    :path: ".symlinks/plugins/google_sign_in_ios/darwin"
  just_audio:
    :path: ".symlinks/plugins/just_audio/ios"
  objectbox_flutter_libs:
    :path: ".symlinks/plugins/objectbox_flutter_libs/ios"
  package_info_plus:
    :path: ".symlinks/plugins/package_info_plus/ios"
  path_provider_foundation:
    :path: ".symlinks/plugins/path_provider_foundation/darwin"
  share_plus:
    :path: ".symlinks/plugins/share_plus/ios"
  shared_preferences_foundation:
    :path: ".symlinks/plugins/shared_preferences_foundation/darwin"
  sqflite_darwin:
    :path: ".symlinks/plugins/sqflite_darwin/darwin"
  url_launcher_ios:
    :path: ".symlinks/plugins/url_launcher_ios/ios"
  video_player_avfoundation:
    :path: ".symlinks/plugins/video_player_avfoundation/darwin"
  wakelock_plus:
    :path: ".symlinks/plugins/wakelock_plus/ios"
  webview_flutter_wkwebview:
    :path: ".symlinks/plugins/webview_flutter_wkwebview/darwin"

SPEC CHECKSUMS:
  AppAuth: d4f13a8fe0baf391b2108511793e4b479691fb73
  audio_session: 088d2483ebd1dc43f51d253d4a1c517d9a2e7207
  connectivity_plus: 4c41c08fc6d7c91f63bc7aec70ffe3730b04f563
  esewa_flutter_sdk: 315c99cb3fd2a4e4ce7d13b0db5dd27fca7ff4db
  FBAEMKit: 6c7b5eb77c96861bb59e040842c6e55bf39512ce
  FBSDKCoreKit: 5e4dd478947ab1bcc887e8cfadeae0727af1a942
  FBSDKCoreKit_Basics: cd7b5f5d1e8868c26706917919d058999ca672c3
  FBSDKLoginKit: 572cca0bc6c90067ef197187697cb3b584310c52
  Flutter: e0871f40cf51350855a761d2e70bf5af5b9b5de7
  flutter_facebook_auth: c8700ab1770f3d8e5e7456220e4f3bbcdb831454
  flutter_secure_storage: 7953c38a04c3fdbb00571bcd87d8e3b5ceb9daec
  fluttertoast: e9a18c7be5413da53898f660530c56f35edfba9c
  google_sign_in_ios: 07375bfbf2620bc93a602c0e27160d6afc6ead38
  GoogleSignIn: d4281ab6cf21542b1cfaff85c191f230b399d2db
  GTMAppAuth: f69bd07d68cd3b766125f7e072c45d7340dea0de
  GTMSessionFetcher: 5aea5ba6bd522a239e236100971f10cb71b96ab6
  just_audio: baa7252489dbcf47a4c7cc9ca663e9661c99aafa
  ObjectBox: 0bc4bb75eea85f6af06b369148b334c2056bbc29
  objectbox_flutter_libs: 2ce0da386c780878687c736b528ceaf371573efb
  package_info_plus: c0502532a26c7662a62a356cebe2692ec5fe4ec4
  path_provider_foundation: 2b6b4c569c0fb62ec74538f866245ac84301af46
  share_plus: 8b6f8b3447e494cca5317c8c3073de39b3600d1f
  shared_preferences_foundation: fcdcbc04712aee1108ac7fda236f363274528f78
  sqflite_darwin: 5a7236e3b501866c1c9befc6771dfd73ffb8702d
  Toast: 1f5ea13423a1e6674c4abdac5be53587ae481c4e
  url_launcher_ios: 5334b05cef931de560670eeae103fd3e431ac3fe
  video_player_avfoundation: 7c6c11d8470e1675df7397027218274b6d2360b3
  wakelock_plus: 78ec7c5b202cab7761af8e2b2b3d0671be6c4ae1
  webview_flutter_wkwebview: 0982481e3d9c78fd5c6f62a002fcd24fc791f1e4

PODFILE CHECKSUM: 7be2f5f74864d463a8ad433546ed1de7e0f29aef

COCOAPODS: 1.16.2
